<?xml version="1.0" encoding="utf-8"?>
<Project ToolsVersion="4.0" xmlns="http://schemas.microsoft.com/developer/msbuild/2003">
  <ItemGroup>
    <Filter Include="리소스 파일">
      <UniqueIdentifier>{67DA6AB6-F800-4c08-8B7A-83BB121AAD01}</UniqueIdentifier>
      <Extensions>rc;ico;cur;bmp;dlg;rc2;rct;bin;rgs;gif;jpg;jpeg;jpe;resx;tiff;tif;png;wav;mfcribbon-ms</Extensions>
    </Filter>
    <Filter Include="Source">
      <UniqueIdentifier>{4e5712e8-76ce-47d4-99ea-1a62ab27e507}</UniqueIdentifier>
    </Filter>
    <Filter Include="Source\Framework">
      <UniqueIdentifier>{ebce8069-b347-43f4-a6d6-0434f430f3e5}</UniqueIdentifier>
    </Filter>
  </ItemGroup>
  <ItemGroup>
    <ClInclude Include="targetver.h">
      <Filter>Source\Framework</Filter>
    </ClInclude>
    <ClInclude Include="Client.h">
      <Filter>Source\Framework</Filter>
    </ClInclude>
    <ClInclude Include="framework.h">
      <Filter>Source\Framework</Filter>
    </ClInclude>
    <ClInclude Include="Resource.h">
      <Filter>Source\Framework</Filter>
    </ClInclude>
    <ClInclude Include="pch.h">
      <Filter>Source\Framework</Filter>
    </ClInclude>
    <ClInclude Include="CServerSession.h">
      <Filter>Source</Filter>
    </ClInclude>
    <ClInclude Include="CServerPacketHandler.h">
      <Filter>Source</Filter>
    </ClInclude>
    <ClInclude Include="Chatting.pb.h" />
    <ClInclude Include="Enter.pb.h" />
    <ClInclude Include="Exit.pb.h" />
    <ClInclude Include="NetFunc.h">
      <Filter>Source</Filter>
    </ClInclude>
  </ItemGroup>
  <ItemGroup>
    <ResourceCompile Include="Client.rc">
      <Filter>리소스 파일</Filter>
    </ResourceCompile>
  </ItemGroup>
  <ItemGroup>
    <Image Include="small.ico">
      <Filter>리소스 파일</Filter>
    </Image>
    <Image Include="Client.ico">
      <Filter>리소스 파일</Filter>
    </Image>
  </ItemGroup>
  <ItemGroup>
    <ClCompile Include="Client.cpp">
      <Filter>Source</Filter>
    </ClCompile>
    <ClCompile Include="pch.cpp">
      <Filter>Source\Framework</Filter>
    </ClCompile>
    <ClCompile Include="CServerSession.cpp">
      <Filter>Source</Filter>
    </ClCompile>
    <ClCompile Include="CServerPacketHandler.cpp">
      <Filter>Source</Filter>
    </ClCompile>
    <ClCompile Include="Chatting.pb.cc" />
    <ClCompile Include="Enter.pb.cc" />
    <ClCompile Include="Exit.pb.cc" />
    <ClCompile Include="NetFunc.cpp">
      <Filter>Source</Filter>
    </ClCompile>
  </ItemGroup>
</Project>