
Microsoft Visual Studio Solution File, Format Version 12.00
# Visual Studio Version 17
VisualStudioVersion = 17.10.35122.118
MinimumVisualStudioVersion = 10.0.40219.1
Project("{8BC9CEB8-8B4A-11D0-8D11-00A0C91BC942}") = "Client", "Client\Client.vcxproj", "{B611B4F4-D513-4ADF-83D4-095940A27629}"
EndProject
Project("{8BC9CEB8-8B4A-11D0-8D11-00A0C91BC942}") = "Engine", "Engine\Engine.vcxproj", "{E8920232-2C21-4D52-BBDE-8FE794FB6C39}"
EndProject
Project("{8BC9CEB8-8B4A-11D0-8D11-00A0C91BC942}") = "IOCP", "IOCP\IOCP.vcxproj", "{7751BDE5-AFB2-4CE2-AEB2-8F4CB4467C6E}"
EndProject
Global
	GlobalSection(SolutionConfigurationPlatforms) = preSolution
		Debug|x64 = Debug|x64
		Debug|x86 = Debug|x86
		Release|x64 = Release|x64
		Release|x86 = Release|x86
	EndGlobalSection
	GlobalSection(ProjectConfigurationPlatforms) = postSolution
		{B611B4F4-D513-4ADF-83D4-095940A27629}.Debug|x64.ActiveCfg = Debug|x64
		{B611B4F4-D513-4ADF-83D4-095940A27629}.Debug|x64.Build.0 = Debug|x64
		{B611B4F4-D513-4ADF-83D4-095940A27629}.Debug|x86.ActiveCfg = Debug|Win32
		{B611B4F4-D513-4ADF-83D4-095940A27629}.Debug|x86.Build.0 = Debug|Win32
		{B611B4F4-D513-4ADF-83D4-095940A27629}.Release|x64.ActiveCfg = Release|x64
		{B611B4F4-D513-4ADF-83D4-095940A27629}.Release|x64.Build.0 = Release|x64
		{B611B4F4-D513-4ADF-83D4-095940A27629}.Release|x86.ActiveCfg = Release|Win32
		{B611B4F4-D513-4ADF-83D4-095940A27629}.Release|x86.Build.0 = Release|Win32
		{E8920232-2C21-4D52-BBDE-8FE794FB6C39}.Debug|x64.ActiveCfg = Debug|x64
		{E8920232-2C21-4D52-BBDE-8FE794FB6C39}.Debug|x64.Build.0 = Debug|x64
		{E8920232-2C21-4D52-BBDE-8FE794FB6C39}.Debug|x86.ActiveCfg = Debug|Win32
		{E8920232-2C21-4D52-BBDE-8FE794FB6C39}.Debug|x86.Build.0 = Debug|Win32
		{E8920232-2C21-4D52-BBDE-8FE794FB6C39}.Release|x64.ActiveCfg = Release|x64
		{E8920232-2C21-4D52-BBDE-8FE794FB6C39}.Release|x64.Build.0 = Release|x64
		{E8920232-2C21-4D52-BBDE-8FE794FB6C39}.Release|x86.ActiveCfg = Release|Win32
		{E8920232-2C21-4D52-BBDE-8FE794FB6C39}.Release|x86.Build.0 = Release|Win32
		{7751BDE5-AFB2-4CE2-AEB2-8F4CB4467C6E}.Debug|x64.ActiveCfg = Debug|x64
		{7751BDE5-AFB2-4CE2-AEB2-8F4CB4467C6E}.Debug|x64.Build.0 = Debug|x64
		{7751BDE5-AFB2-4CE2-AEB2-8F4CB4467C6E}.Debug|x86.ActiveCfg = Debug|Win32
		{7751BDE5-AFB2-4CE2-AEB2-8F4CB4467C6E}.Debug|x86.Build.0 = Debug|Win32
		{7751BDE5-AFB2-4CE2-AEB2-8F4CB4467C6E}.Release|x64.ActiveCfg = Release|x64
		{7751BDE5-AFB2-4CE2-AEB2-8F4CB4467C6E}.Release|x64.Build.0 = Release|x64
		{7751BDE5-AFB2-4CE2-AEB2-8F4CB4467C6E}.Release|x86.ActiveCfg = Release|Win32
		{7751BDE5-AFB2-4CE2-AEB2-8F4CB4467C6E}.Release|x86.Build.0 = Release|Win32
	EndGlobalSection
	GlobalSection(SolutionProperties) = preSolution
		HideSolutionNode = FALSE
	EndGlobalSection
	GlobalSection(ExtensibilityGlobals) = postSolution
		SolutionGuid = {A634450A-C0E0-4B97-9113-B7E7E387ED89}
	EndGlobalSection
EndGlobal
