<?xml version="1.0" encoding="utf-8"?>
<Project ToolsVersion="4.0" xmlns="http://schemas.microsoft.com/developer/msbuild/2003">
  <ItemGroup>
    <Filter Include="Framework">
      <UniqueIdentifier>{be7c6f12-f853-43cf-a782-aafe834a5eed}</UniqueIdentifier>
    </Filter>
    <Filter Include="Device">
      <UniqueIdentifier>{b7409409-6f25-449b-8034-d27d585910ef}</UniqueIdentifier>
    </Filter>
    <Filter Include="Common">
      <UniqueIdentifier>{0d23e100-d539-44ca-992b-399772b8664e}</UniqueIdentifier>
    </Filter>
    <Filter Include="Resource">
      <UniqueIdentifier>{d97ba8c8-554c-43db-aca1-4a08261329e4}</UniqueIdentifier>
    </Filter>
    <Filter Include="Manager">
      <UniqueIdentifier>{708a7799-6b31-44fa-a845-07cad86d607d}</UniqueIdentifier>
    </Filter>
    <Filter Include="Shader">
      <UniqueIdentifier>{2d7bcbb2-66be-495b-8204-d3a15062d4b2}</UniqueIdentifier>
    </Filter>
    <Filter Include="Engine">
      <UniqueIdentifier>{851e92a2-25f8-430d-911a-5989f0ab985a}</UniqueIdentifier>
    </Filter>
    <Filter Include="Component">
      <UniqueIdentifier>{42af996a-4edb-4478-9ff0-ec4de67052b6}</UniqueIdentifier>
    </Filter>
    <Filter Include="UI">
      <UniqueIdentifier>{acfe4154-d6b2-474e-ad08-51fdfbac72f7}</UniqueIdentifier>
    </Filter>
    <Filter Include="Room">
      <UniqueIdentifier>{13bc3dec-0bb3-4140-99a8-a8a42975d4ff}</UniqueIdentifier>
    </Filter>
  </ItemGroup>
  <ItemGroup>
    <ClInclude Include="framework.h">
      <Filter>Framework</Filter>
    </ClInclude>
    <ClInclude Include="CDevice.h">
      <Filter>Device</Filter>
    </ClInclude>
    <ClInclude Include="CSingleton.h">
      <Filter>Common</Filter>
    </ClInclude>
    <ClInclude Include="header.h">
      <Filter>Common</Filter>
    </ClInclude>
    <ClInclude Include="pch.h">
      <Filter>Common</Filter>
    </ClInclude>
    <ClInclude Include="SimpleMath.h">
      <Filter>Common</Filter>
    </ClInclude>
    <ClInclude Include="CTexture.h">
      <Filter>Resource</Filter>
    </ClInclude>
    <ClInclude Include="CResource.h">
      <Filter>Resource</Filter>
    </ClInclude>
    <ClInclude Include="Define.h">
      <Filter>Common</Filter>
    </ClInclude>
    <ClInclude Include="CResMgr.h">
      <Filter>Manager</Filter>
    </ClInclude>
    <ClInclude Include="CConstBuffer.h">
      <Filter>Resource</Filter>
    </ClInclude>
    <ClInclude Include="CEntity.h">
      <Filter>Common</Filter>
    </ClInclude>
    <ClInclude Include="CMesh.h">
      <Filter>Resource</Filter>
    </ClInclude>
    <ClInclude Include="CShader.h">
      <Filter>Resource</Filter>
    </ClInclude>
    <ClInclude Include="CGraphicsShader.h">
      <Filter>Resource</Filter>
    </ClInclude>
    <ClInclude Include="CPathMgr.h">
      <Filter>Manager</Filter>
    </ClInclude>
    <ClInclude Include="func.h">
      <Filter>Common</Filter>
    </ClInclude>
    <ClInclude Include="CMaterial.h">
      <Filter>Resource</Filter>
    </ClInclude>
    <ClInclude Include="struct.h">
      <Filter>Common</Filter>
    </ClInclude>
    <ClInclude Include="CEngine.h">
      <Filter>Engine</Filter>
    </ClInclude>
    <ClInclude Include="CTransform.h">
      <Filter>Component</Filter>
    </ClInclude>
    <ClInclude Include="CComponent.h">
      <Filter>Component</Filter>
    </ClInclude>
    <ClInclude Include="CRenderComponent.h">
      <Filter>Component</Filter>
    </ClInclude>
    <ClInclude Include="CMeshRender.h">
      <Filter>Component</Filter>
    </ClInclude>
    <ClInclude Include="CObject.h">
      <Filter>Component</Filter>
    </ClInclude>
    <ClInclude Include="CAnimation2D.h">
      <Filter>Component</Filter>
    </ClInclude>
    <ClInclude Include="CAnimator2D.h">
      <Filter>Component</Filter>
    </ClInclude>
    <ClInclude Include="CTimeMgr.h">
      <Filter>Manager</Filter>
    </ClInclude>
    <ClInclude Include="CStructuredBuffer.h">
      <Filter>Resource</Filter>
    </ClInclude>
    <ClInclude Include="CComputeShader.h">
      <Filter>Resource</Filter>
    </ClInclude>
    <ClInclude Include="CRoomMgr.h">
      <Filter>Manager</Filter>
    </ClInclude>
    <ClInclude Include="CRenderMgr.h">
      <Filter>Manager</Filter>
    </ClInclude>
    <ClInclude Include="CLayer.h">
      <Filter>Common</Filter>
    </ClInclude>
    <ClInclude Include="CCamera.h">
      <Filter>Component</Filter>
    </ClInclude>
    <ClInclude Include="CKeyMgr.h">
      <Filter>Manager</Filter>
    </ClInclude>
    <ClInclude Include="CUIMgr.h">
      <Filter>Manager</Filter>
    </ClInclude>
    <ClInclude Include="CUI.h">
      <Filter>UI</Filter>
    </ClInclude>
    <ClInclude Include="CFontMgr.h">
      <Filter>Manager</Filter>
    </ClInclude>
    <ClInclude Include="CSpeechBar.h">
      <Filter>UI</Filter>
    </ClInclude>
    <ClInclude Include="CSpeechObject.h">
      <Filter>UI</Filter>
    </ClInclude>
    <ClInclude Include="CEventMgr.h">
      <Filter>Manager</Filter>
    </ClInclude>
    <ClInclude Include="CRoom.h">
      <Filter>Room</Filter>
    </ClInclude>
    <ClInclude Include="CChattingRoom.h">
      <Filter>Room</Filter>
    </ClInclude>
    <ClInclude Include="CSpeechBubble.h">
      <Filter>UI</Filter>
    </ClInclude>
  </ItemGroup>
  <ItemGroup>
    <ClCompile Include="Engine.cpp">
      <Filter>Framework</Filter>
    </ClCompile>
    <ClCompile Include="CDevice.cpp">
      <Filter>Device</Filter>
    </ClCompile>
    <ClCompile Include="CSingleton.cpp">
      <Filter>Common</Filter>
    </ClCompile>
    <ClCompile Include="pch.cpp">
      <Filter>Common</Filter>
    </ClCompile>
    <ClCompile Include="SimpleMath.cpp">
      <Filter>Common</Filter>
    </ClCompile>
    <ClCompile Include="CTexture.cpp">
      <Filter>Resource</Filter>
    </ClCompile>
    <ClCompile Include="CResource.cpp">
      <Filter>Resource</Filter>
    </ClCompile>
    <ClCompile Include="CResMgr.cpp">
      <Filter>Manager</Filter>
    </ClCompile>
    <ClCompile Include="CConstBuffer.cpp">
      <Filter>Resource</Filter>
    </ClCompile>
    <ClCompile Include="CEntity.cpp">
      <Filter>Common</Filter>
    </ClCompile>
    <ClCompile Include="CMesh.cpp">
      <Filter>Resource</Filter>
    </ClCompile>
    <ClCompile Include="CShader.cpp">
      <Filter>Resource</Filter>
    </ClCompile>
    <ClCompile Include="CGraphicsShader.cpp">
      <Filter>Resource</Filter>
    </ClCompile>
    <ClCompile Include="CPathMgr.cpp">
      <Filter>Manager</Filter>
    </ClCompile>
    <ClCompile Include="func.cpp">
      <Filter>Common</Filter>
    </ClCompile>
    <ClCompile Include="CMaterial.cpp">
      <Filter>Resource</Filter>
    </ClCompile>
    <ClCompile Include="CEngine.cpp">
      <Filter>Engine</Filter>
    </ClCompile>
    <ClCompile Include="CComponent.cpp">
      <Filter>Component</Filter>
    </ClCompile>
    <ClCompile Include="CTransform.cpp">
      <Filter>Component</Filter>
    </ClCompile>
    <ClCompile Include="CRenderComponent.cpp">
      <Filter>Component</Filter>
    </ClCompile>
    <ClCompile Include="CMeshRender.cpp">
      <Filter>Component</Filter>
    </ClCompile>
    <ClCompile Include="CObject.cpp">
      <Filter>Component</Filter>
    </ClCompile>
    <ClCompile Include="CAnimation2D.cpp">
      <Filter>Component</Filter>
    </ClCompile>
    <ClCompile Include="CAnimator2D.cpp">
      <Filter>Component</Filter>
    </ClCompile>
    <ClCompile Include="CTimeMgr.cpp">
      <Filter>Manager</Filter>
    </ClCompile>
    <ClCompile Include="CComputeShader.cpp">
      <Filter>Resource</Filter>
    </ClCompile>
    <ClCompile Include="CStructuredBuffer.cpp">
      <Filter>Resource</Filter>
    </ClCompile>
    <ClCompile Include="CRoomMgr.cpp">
      <Filter>Manager</Filter>
    </ClCompile>
    <ClCompile Include="CRenderMgr.cpp">
      <Filter>Manager</Filter>
    </ClCompile>
    <ClCompile Include="CLayer.cpp">
      <Filter>Common</Filter>
    </ClCompile>
    <ClCompile Include="CCamera.cpp">
      <Filter>Component</Filter>
    </ClCompile>
    <ClCompile Include="extern_struct.cpp">
      <Filter>Common</Filter>
    </ClCompile>
    <ClCompile Include="CKeyMgr.cpp">
      <Filter>Manager</Filter>
    </ClCompile>
    <ClCompile Include="CUIMgr.cpp">
      <Filter>Manager</Filter>
    </ClCompile>
    <ClCompile Include="CUI.cpp">
      <Filter>UI</Filter>
    </ClCompile>
    <ClCompile Include="CFontMgr.cpp">
      <Filter>Manager</Filter>
    </ClCompile>
    <ClCompile Include="CSpeechBar.cpp">
      <Filter>UI</Filter>
    </ClCompile>
    <ClCompile Include="CSpeechObject.cpp">
      <Filter>UI</Filter>
    </ClCompile>
    <ClCompile Include="CEventMgr.cpp">
      <Filter>Manager</Filter>
    </ClCompile>
    <ClCompile Include="CRoom.cpp">
      <Filter>Room</Filter>
    </ClCompile>
    <ClCompile Include="CChattingRoom.cpp">
      <Filter>Room</Filter>
    </ClCompile>
    <ClCompile Include="CSpeechBubble.cpp">
      <Filter>UI</Filter>
    </ClCompile>
  </ItemGroup>
  <ItemGroup>
    <None Include="SimpleMath.inl">
      <Filter>Common</Filter>
    </None>
  </ItemGroup>
  <ItemGroup>
    <FxCompile Include="std2d.fx">
      <Filter>Shader</Filter>
    </FxCompile>
    <FxCompile Include="value.fx">
      <Filter>Shader</Filter>
    </FxCompile>
  </ItemGroup>
</Project>